{
  "name": "aj-listener",
  "version": "1.0.0",
  "lockfileVersion": 1,
  "requires": true,
  "dependencies": {
    "@types/node": {
      "version": "7.10.13",
      "resolved": "https://registry.npmjs.org/@types/node/-/node-7.10.13.tgz",
      "integrity": "sha1-mAmiUzMkOQqqwW+85kL8Luf+/70=",
      "optional": true
    },
    "bindings": {
      "version": "1.2.1",
      "resolved": "https://registry.npmjs.org/bindings/-/bindings-1.2.1.tgz",
      "integrity": "sha1-FK1hE4EtLTfXLme0ystLtyZQXxE="
    },
    "bluetooth-serial-port": {
      "version": "2.2.7",
      "resolved": "https://registry.npmjs.org/bluetooth-serial-port/-/bluetooth-serial-port-2.2.7.tgz",
      "integrity": "sha1-agsJorrHYOOkuC55WuGx8NTNqC4=",
      "requires": {
        "@types/node": "^7.0.10",
        "bindings": "1.2.x",
        "nan": "^2.14.1",
        "stable": "^0.1.8"
      }
    },
    "nan": {
      "version": "2.14.1",
      "resolved": "https://registry.npmjs.org/nan/-/nan-2.14.1.tgz",
      "integrity": "sha1-174036MQW5FJTDFHCJMV7/iHSwE="
    },
    "stable": {
      "version": "0.1.8",
      "resolved": "https://registry.npmjs.org/stable/-/stable-0.1.8.tgz",
      "integrity": "sha1-g26zyDgv4pNv6vVEYxAXzn1Ho88="
    }
  }
}
